// !$*UTF8*$!
{
	archiveVersion = 1;
	classes = {
	};
	objectVersion = 46;
	objects = {

/* Begin PBXBuildFile section */
		CF2DC7C31DCE7B6700DCE718 /* AppDelegate.swift in Sources */ = {isa = PBXBuildFile; fileRef = CF2DC7C21DCE7B6700DCE718 /* AppDelegate.swift */; };
		CF2DC7C51DCE7B6700DCE718 /* ViewController.swift in Sources */ = {isa = PBXBuildFile; fileRef = CF2DC7C41DCE7B6700DCE718 /* ViewController.swift */; };
		CF2DC7C81DCE7B6700DCE718 /* Main.storyboard in Resources */ = {isa = PBXBuildFile; fileRef = CF2DC7C61DCE7B6700DCE718 /* Main.storyboard */; };
		CF2DC7CD1DCE7B6700DCE718 /* LaunchScreen.storyboard in Resources */ = {isa = PBXBuildFile; fileRef = CF2DC7CB1DCE7B6700DCE718 /* LaunchScreen.storyboard */; };
		CFEE25811DCE7EE2000D228F /* dragImg.swift in Sources */ = {isa = PBXBuildFile; fileRef = CFEE25801DCE7EE2000D228F /* dragImg.swift */; };
		CFEEDC361DCEA304003E8962 /* Assets.xcassets in Resources */ = {isa = PBXBuildFile; fileRef = CFEEDC351DCEA304003E8962 /* Assets.xcassets */; };
/* End PBXBuildFile section */

/* Begin PBXFileReference section */
		CF2DC7BF1DCE7B6700DCE718 /* DraggableImage.app */ = {isa = PBXFileReference; explicitFileType = wrapper.application; includeInIndex = 0; path = DraggableImage.app; sourceTree = BUILT_PRODUCTS_DIR; };
		CF2DC7C21DCE7B6700DCE718 /* AppDelegate.swift */ = {isa = PBXFileReference; lastKnownFileType = sourcecode.swift; path = AppDelegate.swift; sourceTree = "<group>"; };
		CF2DC7C41DCE7B6700DCE718 /* ViewController.swift */ = {isa = PBXFileReference; lastKnownFileType = sourcecode.swift; path = ViewController.swift; sourceTree = "<group>"; };
		CF2DC7C71DCE7B6700DCE718 /* Base */ = {isa = PBXFileReference; lastKnownFileType = file.storyboard; name = Base; path = Base.lproj/Main.storyboard; sourceTree = "<group>"; };
		CF2DC7CC1DCE7B6700DCE718 /* Base */ = {isa = PBXFileReference; lastKnownFileType = file.storyboard; name = Base; path = Base.lproj/LaunchScreen.storyboard; sourceTree = "<group>"; };
		CF2DC7CE1DCE7B6700DCE718 /* Info.plist */ = {isa = PBXFileReference; lastKnownFileType = text.plist.xml; path = Info.plist; sourceTree = "<group>"; };
		CFEE25801DCE7EE2000D228F /* dragImg.swift */ = {isa = PBXFileReference; fileEncoding = 4; lastKnownFileType = sourcecode.swift; path = dragImg.swift; sourceTree = "<group>"; };
		CFEEDC351DCEA304003E8962 /* Assets.xcassets */ = {isa = PBXFileReference; lastKnownFileType = folder.assetcatalog; path = Assets.xcassets; sourceTree = "<group>"; };
/* End PBXFileReference section */

/* Begin PBXFrameworksBuildPhase section */
		CF2DC7BC1DCE7B6700DCE718 /* Frameworks */ = {
			isa = PBXFrameworksBuildPhase;
			buildActionMask = 2147483647;
			files = (
			);
			runOnlyForDeploymentPostprocessing = 0;
		};
/* End PBXFrameworksBuildPhase section */

/* Begin PBXGroup section */
		CF2DC7B61DCE7B6700DCE718 = {
			isa = PBXGroup;
			children = (
				CF2DC7C11DCE7B6700DCE718 /* DraggableImage */,
				CF2DC7C01DCE7B6700DCE718 /* Products */,
			);
			sourceTree = "<group>";
		};
		CF2DC7C01DCE7B6700DCE718 /* Products */ = {
			isa = PBXGroup;
			children = (
				CF2DC7BF1DCE7B6700DCE718 /* DraggableImage.app */,
			);
			name = Products;
			sourceTree = "<group>";
		};
		CF2DC7C11DCE7B6700DCE718 /* DraggableImage */ = {
			isa = PBXGroup;
			children = (
				CF2DC7C21DCE7B6700DCE718 /* AppDelegate.swift */,
				CF2DC7C41DCE7B6700DCE718 /* ViewController.swift */,
				CF2DC7C61DCE7B6700DCE718 /* Main.storyboard */,
				CF2DC7CB1DCE7B6700DCE718 /* LaunchScreen.storyboard */,
				CF2DC7CE1DCE7B6700DCE718 /* Info.plist */,
				CFEE25801DCE7EE2000D228F /* dragImg.swift */,
				CFEEDC351DCEA304003E8962 /* Assets.xcassets */,
			);
			path = DraggableImage;
			sourceTree = "<group>";
		};
/* End PBXGroup section */

/* Begin PBXNativeTarget section */
		CF2DC7BE1DCE7B6700DCE718 /* DraggableImage */ = {
			isa = PBXNativeTarget;
			buildConfigurationList = CF2DC7D11DCE7B6700DCE718 /* Build configuration list for PBXNativeTarget "DraggableImage" */;
			buildPhases = (
				CF2DC7BB1DCE7B6700DCE718 /* Sources */,
				CF2DC7BC1DCE7B6700DCE718 /* Frameworks */,
				CF2DC7BD1DCE7B6700DCE718 /* Resources */,
			);
			buildRules = (
			);
			dependencies = (
			);
			name = DraggableImage;
			productName = DraggableImage;
			productReference = CF2DC7BF1DCE7B6700DCE718 /* DraggableImage.app */;
			productType = "com.apple.product-type.application";
		};
/* End PBXNativeTarget section */

/* Begin PBXProject section */
		CF2DC7B71DCE7B6700DCE718 /* Project object */ = {
			isa = PBXProject;
			attributes = {
				LastSwiftUpdateCheck = 0810;
				LastUpgradeCheck = 0810;
				ORGANIZATIONNAME = "Antonija Pek";
				TargetAttributes = {
					CF2DC7BE1DCE7B6700DCE718 = {
						CreatedOnToolsVersion = 8.1;
						ProvisioningStyle = Automatic;
					};
				};
			};
			buildConfigurationList = CF2DC7BA1DCE7B6700DCE718 /* Build configuration list for PBXProject "DraggableImage" */;
			compatibilityVersion = "Xcode 3.2";
			developmentRegion = English;
			hasScannedForEncodings = 0;
			knownRegions = (
				en,
				Base,
			);
			mainGroup = CF2DC7B61DCE7B6700DCE718;
			productRefGroup = CF2DC7C01DCE7B6700DCE718 /* Products */;
			projectDirPath = "";
			projectRoot = "";
			targets = (
				CF2DC7BE1DCE7B6700DCE718 /* DraggableImage */,
			);
		};
/* End PBXProject section */

/* Begin PBXResourcesBuildPhase section */
		CF2DC7BD1DCE7B6700DCE718 /* Resources */ = {
			isa = PBXResourcesBuildPhase;
			buildActionMask = 2147483647;
			files = (
				CF2DC7CD1DCE7B6700DCE718 /* LaunchScreen.storyboard in Resources */,
				CFEEDC361DCEA304003E8962 /* Assets.xcassets in Resources */,
				CF2DC7C81DCE7B6700DCE718 /* Main.storyboard in Resources */,
			);
			runOnlyForDeploymentPostprocessing = 0;
		};
/* End PBXResourcesBuildPhase section */

/* Begin PBXSourcesBuildPhase section */
		CF2DC7BB1DCE7B6700DCE718 /* Sources */ = {
			isa = PBXSourcesBuildPhase;
			buildActionMask = 2147483647;
			files = (
				CF2DC7C51DCE7B6700DCE718 /* ViewController.swift in Sources */,
				CFEE25811DCE7EE2000D228F /* dragImg.swift in Sources */,
				CF2DC7C31DCE7B6700DCE718 /* AppDelegate.swift in Sources */,
			);
			runOnlyForDeploymentPostprocessing = 0;
		};
/* End PBXSourcesBuildPhase section */

/* Begin PBXVariantGroup section */
		CF2DC7C61DCE7B6700DCE718 /* Main.storyboard */ = {
			isa = PBXVariantGroup;
			children = (
				CF2DC7C71DCE7B6700DCE718 /* Base */,
			);
			name = Main.storyboard;
			sourceTree = "<group>";
		};
		CF2DC7CB1DCE7B6700DCE718 /* LaunchScreen.storyboard */ = {
			isa = PBXVariantGroup;
			children = (
				CF2DC7CC1DCE7B6700DCE718 /* Base */,
			);
			name = LaunchScreen.storyboard;
			sourceTree = "<group>";
		};
/* End PBXVariantGroup section */

/* Begin XCBuildConfiguration section */
		CF2DC7CF1DCE7B6700DCE718 /* Debug */ = {
			isa = XCBuildConfiguration;
			buildSettings = {
				ALWAYS_SEARCH_USER_PATHS = NO;
				CLANG_ANALYZER_NONNULL = YES;
				CLANG_CXX_LANGUAGE_STANDARD = "gnu++0x";
				CLANG_CXX_LIBRARY = "libc++";
				CLANG_ENABLE_MODULES = YES;
				CLANG_ENABLE_OBJC_ARC = YES;
				CLANG_WARN_BOOL_CONVERSION = YES;
				CLANG_WARN_CONSTANT_CONVERSION = YES;
				CLANG_WARN_DIRECT_OBJC_ISA_USAGE = YES_ERROR;
				CLANG_WARN_DOCUMENTATION_COMMENTS = YES;
				CLANG_WARN_EMPTY_BODY = YES;
				CLANG_WARN_ENUM_CONVERSION = YES;
				CLANG_WARN_INFINITE_RECURSION = YES;
				CLANG_WARN_INT_CONVERSION = YES;
				CLANG_WARN_OBJC_ROOT_CLASS = YES_ERROR;
				CLANG_WARN_SUSPICIOUS_MOVES = YES;
				CLANG_WARN_UNREACHABLE_CODE = YES;
				CLANG_WARN__DUPLICATE_METHOD_MATCH = YES;
				"CODE_SIGN_IDENTITY[sdk=iphoneos*]" = "iPhone Developer";
				COPY_PHASE_STRIP = NO;
				DEBUG_INFORMATION_FORMAT = dwarf;
				ENABLE_STRICT_OBJC_MSGSEND = YES;
				ENABLE_TESTABILITY = YES;
				GCC_C_LANGUAGE_STANDARD = gnu99;
				GCC_DYNAMIC_NO_PIC = NO;
				GCC_NO_COMMON_BLOCKS = YES;
				GCC_OPTIMIZATION_LEVEL = 0;
				GCC_PREPROCESSOR_DEFINITIONS = (
					"DEBUG=1",
					"$(inherited)",
				);
				GCC_WARN_64_TO_32_BIT_CONVERSION = YES;
				GCC_WARN_ABOUT_RETURN_TYPE = YES_ERROR;
				GCC_WARN_UNDECLARED_SELECTOR = YES;
				GCC_WARN_UNINITIALIZED_AUTOS = YES_AGGRESSIVE;
				GCC_WARN_UNUSED_FUNCTION = YES;
				GCC_WARN_UNUSED_VARIABLE = YES;
				IPHONEOS_DEPLOYMENT_TARGET = 10.1;
				MTL_ENABLE_DEBUG_INFO = YES;
				ONLY_ACTIVE_ARCH = YES;
				SDKROOT = iphoneos;
				SWIFT_ACTIVE_COMPILATION_CONDITIONS = DEBUG;
				SWIFT_OPTIMIZATION_LEVEL = "-Onone";
			};
			name = Debug;
		};
		CF2DC7D01DCE7B6700DCE718 /* Release */ = {
			isa = XCBuildConfiguration;
			buildSettings = {
				ALWAYS_SEARCH_USER_PATHS = NO;
				CLANG_ANALYZER_NONNULL = YES;
				CLANG_CXX_LANGUAGE_STANDARD = "gnu++0x";
				CLANG_CXX_LIBRARY = "libc++";
				CLANG_ENABLE_MODULES = YES;
				CLANG_ENABLE_OBJC_ARC = YES;
				CLANG_WARN_BOOL_CONVERSION = YES;
				CLANG_WARN_CONSTANT_CONVERSION = YES;
				CLANG_WARN_DIRECT_OBJC_ISA_USAGE = YES_ERROR;
				CLANG_WARN_DOCUMENTATION_COMMENTS = YES;
				CLANG_WARN_EMPTY_BODY = YES;
				CLANG_WARN_ENUM_CONVERSION = YES;
				CLANG_WARN_INFINITE_RECURSION = YES;
				CLANG_WARN_INT_CONVERSION = YES;
				CLANG_WARN_OBJC_ROOT_CLASS = YES_ERROR;
				CLANG_WARN_SUSPICIOUS_MOVES = YES;
				CLANG_WARN_UNREACHABLE_CODE = YES;
				CLANG_WARN__DUPLICATE_METHOD_MATCH = YES;
				"CODE_SIGN_IDENTITY[sdk=iphoneos*]" = "iPhone Developer";
				COPY_PHASE_STRIP = NO;
				DEBUG_INFORMATION_FORMAT = "dwarf-with-dsym";
				ENABLE_NS_ASSERTIONS = NO;
				ENABLE_STRICT_OBJC_MSGSEND = YES;
				GCC_C_LANGUAGE_STANDARD = gnu99;
				GCC_NO_COMMON_BLOCKS = YES;
				GCC_WARN_64_TO_32_BIT_CONVERSION = YES;
				GCC_WARN_ABOUT_RETURN_TYPE = YES_ERROR;
				GCC_WARN_UNDECLARED_SELECTOR = YES;
				GCC_WARN_UNINITIALIZED_AUTOS = YES_AGGRESSIVE;
				GCC_WARN_UNUSED_FUNCTION = YES;
				GCC_WARN_UNUSED_VARIABLE = YES;
				IPHONEOS_DEPLOYMENT_TARGET = 10.1;
				MTL_ENABLE_DEBUG_INFO = NO;
				SDKROOT = iphoneos;
				SWIFT_OPTIMIZATION_LEVEL = "-Owholemodule";
				VALIDATE_PRODUCT = YES;
			};
			name = Release;
		};
		CF2DC7D21DCE7B6700DCE718 /* Debug */ = {
			isa = XCBuildConfiguration;
			buildSettings = {
				ASSETCATALOG_COMPILER_APPICON_NAME = AppIcon;
				DEVELOPMENT_TEAM = "";
				INFOPLIST_FILE = DraggableImage/Info.plist;
				IPHONEOS_DEPLOYMENT_TARGET = 10.0;
				LD_RUNPATH_SEARCH_PATHS = "$(inherited) @executable_path/Frameworks";
				PRODUCT_BUNDLE_IDENTIFIER = com.antonijapek.DraggableImage;
				PRODUCT_NAME = "$(TARGET_NAME)";
				SWIFT_VERSION = 3.0;
			};
			name = Debug;
		};
		CF2DC7D31DCE7B6700DCE718 /* Release */ = {
			isa = XCBuildConfiguration;
			buildSettings = {
				ASSETCATALOG_COMPILER_APPICON_NAME = AppIcon;
				DEVELOPMENT_TEAM = "";
				INFOPLIST_FILE = DraggableImage/Info.plist;
				IPHONEOS_DEPLOYMENT_TARGET = 10.0;
				LD_RUNPATH_SEARCH_PATHS = "$(inherited) @executable_path/Frameworks";
				PRODUCT_BUNDLE_IDENTIFIER = com.antonijapek.DraggableImage;
				PRODUCT_NAME = "$(TARGET_NAME)";
				SWIFT_VERSION = 3.0;
			};
			name = Release;
		};
/* End XCBuildConfiguration section */

/* Begin XCConfigurationList section */
		CF2DC7BA1DCE7B6700DCE718 /* Build configuration list for PBXProject "DraggableImage" */ = {
			isa = XCConfigurationList;
			buildConfigurations = (
				CF2DC7CF1DCE7B6700DCE718 /* Debug */,
				CF2DC7D01DCE7B6700DCE718 /* Release */,
			);
			defaultConfigurationIsVisible = 0;
			defaultConfigurationName = Release;
		};
		CF2DC7D11DCE7B6700DCE718 /* Build configuration list for PBXNativeTarget "DraggableImage" */ = {
			isa = XCConfigurationList;
			buildConfigurations = (
				CF2DC7D21DCE7B6700DCE718 /* Debug */,
				CF2DC7D31DCE7B6700DCE718 /* Release */,
			);
			defaultConfigurationIsVisible = 0;
			defaultConfigurationName = Release;
		};
/* End XCConfigurationList section */
	};
	rootObject = CF2DC7B71DCE7B6700DCE718 /* Project object */;
}
